// !$*UTF8*$!
{
	archiveVersion = 1;
	classes = {
	};
	objectVersion = 77;
	objects = {

/* Begin PBXContainerItemProxy section */
		5AF33C0C2D4B1DFB00599F9C /* PBXContainerItemProxy */ = {
			isa = PBXContainerItemProxy;
			containerPortal = 5AF33BF32D4B1DFA00599F9C /* Project object */;
			proxyType = 1;
			remoteGlobalIDString = 5AF33BFA2D4B1DFA00599F9C;
			remoteInfo = EcoTrack;
		};
		5AF33C162D4B1DFB00599F9C /* PBXContainerItemProxy */ = {
			isa = PBXContainerItemProxy;
			containerPortal = 5AF33BF32D4B1DFA00599F9C /* Project object */;
			proxyType = 1;
			remoteGlobalIDString = 5AF33BFA2D4B1DFA00599F9C;
			remoteInfo = EcoTrack;
		};
/* End PBXContainerItemProxy section */

/* Begin PBXFileReference section */
		5AF33BFB2D4B1DFA00599F9C /* EcoTrack.app */ = {isa = PBXFileReference; explicitFileType = wrapper.application; includeInIndex = 0; path = EcoTrack.app; sourceTree = BUILT_PRODUCTS_DIR; };
		5AF33C0B2D4B1DFB00599F9C /* EcoTrackTests.xctest */ = {isa = PBXFileReference; explicitFileType = wrapper.cfbundle; includeInIndex = 0; path = EcoTrackTests.xctest; sourceTree = BUILT_PRODUCTS_DIR; };
		5AF33C152D4B1DFB00599F9C /* EcoTrackUITests.xctest */ = {isa = PBXFileReference; explicitFileType = wrapper.cfbundle; includeInIndex = 0; path = EcoTrackUITests.xctest; sourceTree = BUILT_PRODUCTS_DIR; };
/* End PBXFileReference section */

/* Begin PBXFileSystemSynchronizedRootGroup section */
		5AF33BFD2D4B1DFA00599F9C /* EcoTrack */ = {
			isa = PBXFileSystemSynchronizedRootGroup;
			path = EcoTrack;
			sourceTree = "<group>";
		};
		5AF33C0E2D4B1DFB00599F9C /* EcoTrackTests */ = {
			isa = PBXFileSystemSynchronizedRootGroup;
			path = EcoTrackTests;
			sourceTree = "<group>";
		};
		5AF33C182D4B1DFB00599F9C /* EcoTrackUITests */ = {
			isa = PBXFileSystemSynchronizedRootGroup;
			path = EcoTrackUITests;
			sourceTree = "<group>";
		};
/* End PBXFileSystemSynchronizedRootGroup section */

/* Begin PBXFrameworksBuildPhase section */
		5AF33BF82D4B1DFA00599F9C /* Frameworks */ = {
			isa = PBXFrameworksBuildPhase;
			buildActionMask = 2147483647;
			files = (
			);
			runOnlyForDeploymentPostprocessing = 0;
		};
		5AF33C082D4B1DFB00599F9C /* Frameworks */ = {
			isa = PBXFrameworksBuildPhase;
			buildActionMask = 2147483647;
			files = (
			);
			runOnlyForDeploymentPostprocessing = 0;
		};
		5AF33C122D4B1DFB00599F9C /* Frameworks */ = {
			isa = PBXFrameworksBuildPhase;
			buildActionMask = 2147483647;
			files = (
			);
			runOnlyForDeploymentPostprocessing = 0;
		};
/* End PBXFrameworksBuildPhase section */

/* Begin PBXGroup section */
		5AF33BF22D4B1DFA00599F9C = {
			isa = PBXGroup;
			children = (
				5AF33BFD2D4B1DFA00599F9C /* EcoTrack */,
				5AF33C0E2D4B1DFB00599F9C /* EcoTrackTests */,
				5AF33C182D4B1DFB00599F9C /* EcoTrackUITests */,
				5AF33BFC2D4B1DFA00599F9C /* Products */,
			);
			sourceTree = "<group>";
		};
		5AF33BFC2D4B1DFA00599F9C /* Products */ = {
			isa = PBXGroup;
			children = (
				5AF33BFB2D4B1DFA00599F9C /* EcoTrack.app */,
				5AF33C0B2D4B1DFB00599F9C /* EcoTrackTests.xctest */,
				5AF33C152D4B1DFB00599F9C /* EcoTrackUITests.xctest */,
			);
			name = Products;
			sourceTree = "<group>";
		};
/* End PBXGroup section */

/* Begin PBXNativeTarget section */
		5AF33BFA2D4B1DFA00599F9C /* EcoTrack */ = {
			isa = PBXNativeTarget;
			buildConfigurationList = 5AF33C1F2D4B1DFB00599F9C /* Build configuration list for PBXNativeTarget "EcoTrack" */;
			buildPhases = (
				5AF33BF72D4B1DFA00599F9C /* Sources */,
				5AF33BF82D4B1DFA00599F9C /* Frameworks */,
				5AF33BF92D4B1DFA00599F9C /* Resources */,
			);
			buildRules = (
			);
			dependencies = (
			);
			fileSystemSynchronizedGroups = (
				5AF33BFD2D4B1DFA00599F9C /* EcoTrack */,
			);
			name = EcoTrack;
			packageProductDependencies = (
			);
			productName = EcoTrack;
			productReference = 5AF33BFB2D4B1DFA00599F9C /* EcoTrack.app */;
			productType = "com.apple.product-type.application";
		};
		5AF33C0A2D4B1DFB00599F9C /* EcoTrackTests */ = {
			isa = PBXNativeTarget;
			buildConfigurationList = 5AF33C222D4B1DFB00599F9C /* Build configuration list for PBXNativeTarget "EcoTrackTests" */;
			buildPhases = (
				5AF33C072D4B1DFB00599F9C /* Sources */,
				5AF33C082D4B1DFB00599F9C /* Frameworks */,
				5AF33C092D4B1DFB00599F9C /* Resources */,
			);
			buildRules = (
			);
			dependencies = (
				5AF33C0D2D4B1DFB00599F9C /* PBXTargetDependency */,
			);
			fileSystemSynchronizedGroups = (
				5AF33C0E2D4B1DFB00599F9C /* EcoTrackTests */,
			);
			name = EcoTrackTests;
			packageProductDependencies = (
			);
			productName = EcoTrackTests;
			productReference = 5AF33C0B2D4B1DFB00599F9C /* EcoTrackTests.xctest */;
			productType = "com.apple.product-type.bundle.unit-test";
		};
		5AF33C142D4B1DFB00599F9C /* EcoTrackUITests */ = {
			isa = PBXNativeTarget;
			buildConfigurationList = 5AF33C252D4B1DFB00599F9C /* Build configuration list for PBXNativeTarget "EcoTrackUITests" */;
			buildPhases = (
				5AF33C112D4B1DFB00599F9C /* Sources */,
				5AF33C122D4B1DFB00599F9C /* Frameworks */,
				5AF33C132D4B1DFB00599F9C /* Resources */,
			);
			buildRules = (
			);
			dependencies = (
				5AF33C172D4B1DFB00599F9C /* PBXTargetDependency */,
			);
			fileSystemSynchronizedGroups = (
				5AF33C182D4B1DFB00599F9C /* EcoTrackUITests */,
			);
			name = EcoTrackUITests;
			packageProductDependencies = (
			);
			productName = EcoTrackUITests;
			productReference = 5AF33C152D4B1DFB00599F9C /* EcoTrackUITests.xctest */;
			productType = "com.apple.product-type.bundle.ui-testing";
		};
/* End PBXNativeTarget section */

/* Begin PBXProject section */
		5AF33BF32D4B1DFA00599F9C /* Project object */ = {
			isa = PBXProject;
			attributes = {
				BuildIndependentTargetsInParallel = 1;
				LastSwiftUpdateCheck = 1620;
				LastUpgradeCheck = 1620;
				TargetAttributes = {
					5AF33BFA2D4B1DFA00599F9C = {
						CreatedOnToolsVersion = 16.2;
					};
					5AF33C0A2D4B1DFB00599F9C = {
						CreatedOnToolsVersion = 16.2;
						TestTargetID = 5AF33BFA2D4B1DFA00599F9C;
					};
					5AF33C142D4B1DFB00599F9C = {
						CreatedOnToolsVersion = 16.2;
						TestTargetID = 5AF33BFA2D4B1DFA00599F9C;
					};
				};
			};
			buildConfigurationList = 5AF33BF62D4B1DFA00599F9C /* Build configuration list for PBXProject "EcoTrack" */;
			developmentRegion = en;
			hasScannedForEncodings = 0;
			knownRegions = (
				en,
				Base,
			);
			mainGroup = 5AF33BF22D4B1DFA00599F9C;
			minimizedProjectReferenceProxies = 1;
			preferredProjectObjectVersion = 77;
			productRefGroup = 5AF33BFC2D4B1DFA00599F9C /* Products */;
			projectDirPath = "";
			projectRoot = "";
			targets = (
				5AF33BFA2D4B1DFA00599F9C /* EcoTrack */,
				5AF33C0A2D4B1DFB00599F9C /* EcoTrackTests */,
				5AF33C142D4B1DFB00599F9C /* EcoTrackUITests */,
			);
		};
/* End PBXProject section */

/* Begin PBXResourcesBuildPhase section */
		5AF33BF92D4B1DFA00599F9C /* Resources */ = {
			isa = PBXResourcesBuildPhase;
			buildActionMask = 2147483647;
			files = (
			);
			runOnlyForDeploymentPostprocessing = 0;
		};
		5AF33C092D4B1DFB00599F9C /* Resources */ = {
			isa = PBXResourcesBuildPhase;
			buildActionMask = 2147483647;
			files = (
			);
			runOnlyForDeploymentPostprocessing = 0;
		};
		5AF33C132D4B1DFB00599F9C /* Resources */ = {
			isa = PBXResourcesBuildPhase;
			buildActionMask = 2147483647;
			files = (
			);
			runOnlyForDeploymentPostprocessing = 0;
		};
/* End PBXResourcesBuildPhase section */

/* Begin PBXSourcesBuildPhase section */
		5AF33BF72D4B1DFA00599F9C /* Sources */ = {
			isa = PBXSourcesBuildPhase;
			buildActionMask = 2147483647;
			files = (
			);
			runOnlyForDeploymentPostprocessing = 0;
		};
		5AF33C072D4B1DFB00599F9C /* Sources */ = {
			isa = PBXSourcesBuildPhase;
			buildActionMask = 2147483647;
			files = (
			);
			runOnlyForDeploymentPostprocessing = 0;
		};
		5AF33C112D4B1DFB00599F9C /* Sources */ = {
			isa = PBXSourcesBuildPhase;
			buildActionMask = 2147483647;
			files = (
			);
			runOnlyForDeploymentPostprocessing = 0;
		};
/* End PBXSourcesBuildPhase section */

/* Begin PBXTargetDependency section */
		5AF33C0D2D4B1DFB00599F9C /* PBXTargetDependency */ = {
			isa = PBXTargetDependency;
			target = 5AF33BFA2D4B1DFA00599F9C /* EcoTrack */;
			targetProxy = 5AF33C0C2D4B1DFB00599F9C /* PBXContainerItemProxy */;
		};
		5AF33C172D4B1DFB00599F9C /* PBXTargetDependency */ = {
			isa = PBXTargetDependency;
			target = 5AF33BFA2D4B1DFA00599F9C /* EcoTrack */;
			targetProxy = 5AF33C162D4B1DFB00599F9C /* PBXContainerItemProxy */;
		};
/* End PBXTargetDependency section */

/* Begin XCBuildConfiguration section */
		5AF33C1D2D4B1DFB00599F9C /* Debug */ = {
			isa = XCBuildConfiguration;
			buildSettings = {
				ALWAYS_SEARCH_USER_PATHS = NO;
				ASSETCATALOG_COMPILER_GENERATE_SWIFT_ASSET_SYMBOL_EXTENSIONS = YES;
				CLANG_ANALYZER_NONNULL = YES;
				CLANG_ANALYZER_NUMBER_OBJECT_CONVERSION = YES_AGGRESSIVE;
				CLANG_CXX_LANGUAGE_STANDARD = "gnu++20";
				CLANG_ENABLE_MODULES = YES;
				CLANG_ENABLE_OBJC_ARC = YES;
				CLANG_ENABLE_OBJC_WEAK = YES;
				CLANG_WARN_BLOCK_CAPTURE_AUTORELEASING = YES;
				CLANG_WARN_BOOL_CONVERSION = YES;
				CLANG_WARN_COMMA = YES;
				CLANG_WARN_CONSTANT_CONVERSION = YES;
				CLANG_WARN_DEPRECATED_OBJC_IMPLEMENTATIONS = YES;
				CLANG_WARN_DIRECT_OBJC_ISA_USAGE = YES_ERROR;
				CLANG_WARN_DOCUMENTATION_COMMENTS = YES;
				CLANG_WARN_EMPTY_BODY = YES;
				CLANG_WARN_ENUM_CONVERSION = YES;
				CLANG_WARN_INFINITE_RECURSION = YES;
				CLANG_WARN_INT_CONVERSION = YES;
				CLANG_WARN_NON_LITERAL_NULL_CONVERSION = YES;
				CLANG_WARN_OBJC_IMPLICIT_RETAIN_SELF = YES;
				CLANG_WARN_OBJC_LITERAL_CONVERSION = YES;
				CLANG_WARN_OBJC_ROOT_CLASS = YES_ERROR;
				CLANG_WARN_QUOTED_INCLUDE_IN_FRAMEWORK_HEADER = YES;
				CLANG_WARN_RANGE_LOOP_ANALYSIS = YES;
				CLANG_WARN_STRICT_PROTOTYPES = YES;
				CLANG_WARN_SUSPICIOUS_MOVE = YES;
				CLANG_WARN_UNGUARDED_AVAILABILITY = YES_AGGRESSIVE;
				CLANG_WARN_UNREACHABLE_CODE = YES;
				CLANG_WARN__DUPLICATE_METHOD_MATCH = YES;
				COPY_PHASE_STRIP = NO;
				DEBUG_INFORMATION_FORMAT = dwarf;
				ENABLE_STRICT_OBJC_MSGSEND = YES;
				ENABLE_TESTABILITY = YES;
				ENABLE_USER_SCRIPT_SANDBOXING = YES;
				GCC_C_LANGUAGE_STANDARD = gnu17;
				GCC_DYNAMIC_NO_PIC = NO;
				GCC_NO_COMMON_BLOCKS = YES;
				GCC_OPTIMIZATION_LEVEL = 0;
				GCC_PREPROCESSOR_DEFINITIONS = (
					"DEBUG=1",
					"$(inherited)",
				);
				GCC_WARN_64_TO_32_BIT_CONVERSION = YES;
				GCC_WARN_ABOUT_RETURN_TYPE = YES_ERROR;
				GCC_WARN_UNDECLARED_SELECTOR = YES;
				GCC_WARN_UNINITIALIZED_AUTOS = YES_AGGRESSIVE;
				GCC_WARN_UNUSED_FUNCTION = YES;
				GCC_WARN_UNUSED_VARIABLE = YES;
				INFOPLIST_KEY_NSCameraUsageDescription = "Need access to camera to scan barcodes";
				IPHONEOS_DEPLOYMENT_TARGET = 18.2;
				LOCALIZATION_PREFERS_STRING_CATALOGS = YES;
				MTL_ENABLE_DEBUG_INFO = INCLUDE_SOURCE;
				MTL_FAST_MATH = YES;
				ONLY_ACTIVE_ARCH = YES;
				SDKROOT = iphoneos;
				SWIFT_ACTIVE_COMPILATION_CONDITIONS = "DEBUG $(inherited)";
				SWIFT_OPTIMIZATION_LEVEL = "-Onone";
			};
			name = Debug;
		};
		5AF33C1E2D4B1DFB00599F9C /* Release */ = {
			isa = XCBuildConfiguration;
			buildSettings = {
				ALWAYS_SEARCH_USER_PATHS = NO;
				ASSETCATALOG_COMPILER_GENERATE_SWIFT_ASSET_SYMBOL_EXTENSIONS = YES;
				CLANG_ANALYZER_NONNULL = YES;
				CLANG_ANALYZER_NUMBER_OBJECT_CONVERSION = YES_AGGRESSIVE;
				CLANG_CXX_LANGUAGE_STANDARD = "gnu++20";
				CLANG_ENABLE_MODULES = YES;
				CLANG_ENABLE_OBJC_ARC = YES;
				CLANG_ENABLE_OBJC_WEAK = YES;
				CLANG_WARN_BLOCK_CAPTURE_AUTORELEASING = YES;
				CLANG_WARN_BOOL_CONVERSION = YES;
				CLANG_WARN_COMMA = YES;
				CLANG_WARN_CONSTANT_CONVERSION = YES;
				CLANG_WARN_DEPRECATED_OBJC_IMPLEMENTATIONS = YES;
				CLANG_WARN_DIRECT_OBJC_ISA_USAGE = YES_ERROR;
				CLANG_WARN_DOCUMENTATION_COMMENTS = YES;
				CLANG_WARN_EMPTY_BODY = YES;
				CLANG_WARN_ENUM_CONVERSION = YES;
				CLANG_WARN_INFINITE_RECURSION = YES;
				CLANG_WARN_INT_CONVERSION = YES;
				CLANG_WARN_NON_LITERAL_NULL_CONVERSION = YES;
				CLANG_WARN_OBJC_IMPLICIT_RETAIN_SELF = YES;
				CLANG_WARN_OBJC_LITERAL_CONVERSION = YES;
				CLANG_WARN_OBJC_ROOT_CLASS = YES_ERROR;
				CLANG_WARN_QUOTED_INCLUDE_IN_FRAMEWORK_HEADER = YES;
				CLANG_WARN_RANGE_LOOP_ANALYSIS = YES;
				CLANG_WARN_STRICT_PROTOTYPES = YES;
				CLANG_WARN_SUSPICIOUS_MOVE = YES;
				CLANG_WARN_UNGUARDED_AVAILABILITY = YES_AGGRESSIVE;
				CLANG_WARN_UNREACHABLE_CODE = YES;
				CLANG_WARN__DUPLICATE_METHOD_MATCH = YES;
				COPY_PHASE_STRIP = NO;
				DEBUG_INFORMATION_FORMAT = "dwarf-with-dsym";
				ENABLE_NS_ASSERTIONS = NO;
				ENABLE_STRICT_OBJC_MSGSEND = YES;
				ENABLE_USER_SCRIPT_SANDBOXING = YES;
				GCC_C_LANGUAGE_STANDARD = gnu17;
				GCC_NO_COMMON_BLOCKS = YES;
				GCC_WARN_64_TO_32_BIT_CONVERSION = YES;
				GCC_WARN_ABOUT_RETURN_TYPE = YES_ERROR;
				GCC_WARN_UNDECLARED_SELECTOR = YES;
				GCC_WARN_UNINITIALIZED_AUTOS = YES_AGGRESSIVE;
				GCC_WARN_UNUSED_FUNCTION = YES;
				GCC_WARN_UNUSED_VARIABLE = YES;
				INFOPLIST_KEY_NSCameraUsageDescription = "Need access to camera to scan barcodes";
				IPHONEOS_DEPLOYMENT_TARGET = 18.2;
				LOCALIZATION_PREFERS_STRING_CATALOGS = YES;
				MTL_ENABLE_DEBUG_INFO = NO;
				MTL_FAST_MATH = YES;
				SDKROOT = iphoneos;
				SWIFT_COMPILATION_MODE = wholemodule;
				VALIDATE_PRODUCT = YES;
			};
			name = Release;
		};
		5AF33C202D4B1DFB00599F9C /* Debug */ = {
			isa = XCBuildConfiguration;
			buildSettings = {
				ASSETCATALOG_COMPILER_APPICON_NAME = AppIcon;
				ASSETCATALOG_COMPILER_GLOBAL_ACCENT_COLOR_NAME = AccentColor;
				CODE_SIGN_STYLE = Automatic;
				CURRENT_PROJECT_VERSION = 1;
				DEVELOPMENT_ASSET_PATHS = "\"EcoTrack/Preview Content\"";
				DEVELOPMENT_TEAM = QY48PS2J35;
				ENABLE_PREVIEWS = YES;
				GENERATE_INFOPLIST_FILE = YES;
				INFOPLIST_KEY_UIApplicationSceneManifest_Generation = YES;
				INFOPLIST_KEY_UIApplicationSupportsIndirectInputEvents = YES;
				INFOPLIST_KEY_UILaunchScreen_Generation = YES;
				INFOPLIST_KEY_UISupportedInterfaceOrientations_iPad = "UIInterfaceOrientationPortrait UIInterfaceOrientationPortraitUpsideDown UIInterfaceOrientationLandscapeLeft UIInterfaceOrientationLandscapeRight";
				INFOPLIST_KEY_UISupportedInterfaceOrientations_iPhone = "UIInterfaceOrientationPortrait UIInterfaceOrientationLandscapeLeft UIInterfaceOrientationLandscapeRight";
				LD_RUNPATH_SEARCH_PATHS = (
					"$(inherited)",
					"@executable_path/Frameworks",
				);
				MARKETING_VERSION = 1.0;
				PRODUCT_BUNDLE_IDENTIFIER = com.lamy4C5.EcoTrack;
				PRODUCT_NAME = "$(TARGET_NAME)";
				SWIFT_EMIT_LOC_STRINGS = YES;
				SWIFT_VERSION = 5.0;
				TARGETED_DEVICE_FAMILY = "1,2";
			};
			name = Debug;
		};
		5AF33C212D4B1DFB00599F9C /* Release */ = {
			isa = XCBuildConfiguration;
			buildSettings = {
				ASSETCATALOG_COMPILER_APPICON_NAME = AppIcon;
				ASSETCATALOG_COMPILER_GLOBAL_ACCENT_COLOR_NAME = AccentColor;
				CODE_SIGN_STYLE = Automatic;
				CURRENT_PROJECT_VERSION = 1;
				DEVELOPMENT_ASSET_PATHS = "\"EcoTrack/Preview Content\"";
				DEVELOPMENT_TEAM = QY48PS2J35;
				ENABLE_PREVIEWS = YES;
				GENERATE_INFOPLIST_FILE = YES;
				INFOPLIST_KEY_UIApplicationSceneManifest_Generation = YES;
				INFOPLIST_KEY_UIApplicationSupportsIndirectInputEvents = YES;
				INFOPLIST_KEY_UILaunchScreen_Generation = YES;
				INFOPLIST_KEY_UISupportedInterfaceOrientations_iPad = "UIInterfaceOrientationPortrait UIInterfaceOrientationPortraitUpsideDown UIInterfaceOrientationLandscapeLeft UIInterfaceOrientationLandscapeRight";
				INFOPLIST_KEY_UISupportedInterfaceOrientations_iPhone = "UIInterfaceOrientationPortrait UIInterfaceOrientationLandscapeLeft UIInterfaceOrientationLandscapeRight";
				LD_RUNPATH_SEARCH_PATHS = (
					"$(inherited)",
					"@executable_path/Frameworks",
				);
				MARKETING_VERSION = 1.0;
				PRODUCT_BUNDLE_IDENTIFIER = com.lamy4C5.EcoTrack;
				PRODUCT_NAME = "$(TARGET_NAME)";
				SWIFT_EMIT_LOC_STRINGS = YES;
				SWIFT_VERSION = 5.0;
				TARGETED_DEVICE_FAMILY = "1,2";
			};
			name = Release;
		};
		5AF33C232D4B1DFB00599F9C /* Debug */ = {
			isa = XCBuildConfiguration;
			buildSettings = {
				BUNDLE_LOADER = "$(TEST_HOST)";
				CODE_SIGN_STYLE = Automatic;
				CURRENT_PROJECT_VERSION = 1;
				DEVELOPMENT_TEAM = QY48PS2J35;
				GENERATE_INFOPLIST_FILE = YES;
				IPHONEOS_DEPLOYMENT_TARGET = 18.2;
				MARKETING_VERSION = 1.0;
				PRODUCT_BUNDLE_IDENTIFIER = com.lamy4C5.EcoTrackTests;
				PRODUCT_NAME = "$(TARGET_NAME)";
				SWIFT_EMIT_LOC_STRINGS = NO;
				SWIFT_VERSION = 5.0;
				TARGETED_DEVICE_FAMILY = "1,2";
				TEST_HOST = "$(BUILT_PRODUCTS_DIR)/EcoTrack.app/$(BUNDLE_EXECUTABLE_FOLDER_PATH)/EcoTrack";
			};
			name = Debug;
		};
		5AF33C242D4B1DFB00599F9C /* Release */ = {
			isa = XCBuildConfiguration;
			buildSettings = {
				BUNDLE_LOADER = "$(TEST_HOST)";
				CODE_SIGN_STYLE = Automatic;
				CURRENT_PROJECT_VERSION = 1;
				DEVELOPMENT_TEAM = QY48PS2J35;
				GENERATE_INFOPLIST_FILE = YES;
				IPHONEOS_DEPLOYMENT_TARGET = 18.2;
				MARKETING_VERSION = 1.0;
				PRODUCT_BUNDLE_IDENTIFIER = com.lamy4C5.EcoTrackTests;
				PRODUCT_NAME = "$(TARGET_NAME)";
				SWIFT_EMIT_LOC_STRINGS = NO;
				SWIFT_VERSION = 5.0;
				TARGETED_DEVICE_FAMILY = "1,2";
				TEST_HOST = "$(BUILT_PRODUCTS_DIR)/EcoTrack.app/$(BUNDLE_EXECUTABLE_FOLDER_PATH)/EcoTrack";
			};
			name = Release;
		};
		5AF33C262D4B1DFB00599F9C /* Debug */ = {
			isa = XCBuildConfiguration;
			buildSettings = {
				CODE_SIGN_STYLE = Automatic;
				CURRENT_PROJECT_VERSION = 1;
				DEVELOPMENT_TEAM = QY48PS2J35;
				GENERATE_INFOPLIST_FILE = YES;
				MARKETING_VERSION = 1.0;
				PRODUCT_BUNDLE_IDENTIFIER = com.lamy4C5.EcoTrackUITests;
				PRODUCT_NAME = "$(TARGET_NAME)";
				SWIFT_EMIT_LOC_STRINGS = NO;
				SWIFT_VERSION = 5.0;
				TARGETED_DEVICE_FAMILY = "1,2";
				TEST_TARGET_NAME = EcoTrack;
			};
			name = Debug;
		};
		5AF33C272D4B1DFB00599F9C /* Release */ = {
			isa = XCBuildConfiguration;
			buildSettings = {
				CODE_SIGN_STYLE = Automatic;
				CURRENT_PROJECT_VERSION = 1;
				DEVELOPMENT_TEAM = QY48PS2J35;
				GENERATE_INFOPLIST_FILE = YES;
				MARKETING_VERSION = 1.0;
				PRODUCT_BUNDLE_IDENTIFIER = com.lamy4C5.EcoTrackUITests;
				PRODUCT_NAME = "$(TARGET_NAME)";
				SWIFT_EMIT_LOC_STRINGS = NO;
				SWIFT_VERSION = 5.0;
				TARGETED_DEVICE_FAMILY = "1,2";
				TEST_TARGET_NAME = EcoTrack;
			};
			name = Release;
		};
/* End XCBuildConfiguration section */

/* Begin XCConfigurationList section */
		5AF33BF62D4B1DFA00599F9C /* Build configuration list for PBXProject "EcoTrack" */ = {
			isa = XCConfigurationList;
			buildConfigurations = (
				5AF33C1D2D4B1DFB00599F9C /* Debug */,
				5AF33C1E2D4B1DFB00599F9C /* Release */,
			);
			defaultConfigurationIsVisible = 0;
			defaultConfigurationName = Release;
		};
		5AF33C1F2D4B1DFB00599F9C /* Build configuration list for PBXNativeTarget "EcoTrack" */ = {
			isa = XCConfigurationList;
			buildConfigurations = (
				5AF33C202D4B1DFB00599F9C /* Debug */,
				5AF33C212D4B1DFB00599F9C /* Release */,
			);
			defaultConfigurationIsVisible = 0;
			defaultConfigurationName = Release;
		};
		5AF33C222D4B1DFB00599F9C /* Build configuration list for PBXNativeTarget "EcoTrackTests" */ = {
			isa = XCConfigurationList;
			buildConfigurations = (
				5AF33C232D4B1DFB00599F9C /* Debug */,
				5AF33C242D4B1DFB00599F9C /* Release */,
			);
			defaultConfigurationIsVisible = 0;
			defaultConfigurationName = Release;
		};
		5AF33C252D4B1DFB00599F9C /* Build configuration list for PBXNativeTarget "EcoTrackUITests" */ = {
			isa = XCConfigurationList;
			buildConfigurations = (
				5AF33C262D4B1DFB00599F9C /* Debug */,
				5AF33C272D4B1DFB00599F9C /* Release */,
			);
			defaultConfigurationIsVisible = 0;
			defaultConfigurationName = Release;
		};
/* End XCConfigurationList section */
	};
	rootObject = 5AF33BF32D4B1DFA00599F9C /* Project object */;
}
